
Microsoft Visual Studio Solution File, Format Version 12.00
# Visual Studio Version 17
VisualStudioVersion = 17.4.33213.308
MinimumVisualStudioVersion = 10.0.40219.1
Project("{FAE04EC0-301F-11D3-BF4B-00C04F79EFBC}") = "AreaLibrary", "ClassLibrary1\AreaLibrary.csproj", "{8F716D2C-6D24-4D69-BB43-BAED2170979D}"
EndProject
Project("{FAE04EC0-301F-11D3-BF4B-00C04F79EFBC}") = "ConsoleUI", "ConsoleUI\ConsoleUI.csproj", "{305F0210-3227-45A2-8639-4AE9100D2696}"
EndProject
Global
	GlobalSection(SolutionConfigurationPlatforms) = preSolution
		Debug|Any CPU = Debug|Any CPU
		Release|Any CPU = Release|Any CPU
	EndGlobalSection
	GlobalSection(ProjectConfigurationPlatforms) = postSolution
		{8F716D2C-6D24-4D69-BB43-BAED2170979D}.Debug|Any CPU.ActiveCfg = Debug|Any CPU
		{8F716D2C-6D24-4D69-BB43-BAED2170979D}.Debug|Any CPU.Build.0 = Debug|Any CPU
		{8F716D2C-6D24-4D69-BB43-BAED2170979D}.Release|Any CPU.ActiveCfg = Release|Any CPU
		{8F716D2C-6D24-4D69-BB43-BAED2170979D}.Release|Any CPU.Build.0 = Release|Any CPU
		{305F0210-3227-45A2-8639-4AE9100D2696}.Debug|Any CPU.ActiveCfg = Debug|Any CPU
		{305F0210-3227-45A2-8639-4AE9100D2696}.Debug|Any CPU.Build.0 = Debug|Any CPU
		{305F0210-3227-45A2-8639-4AE9100D2696}.Release|Any CPU.ActiveCfg = Release|Any CPU
		{305F0210-3227-45A2-8639-4AE9100D2696}.Release|Any CPU.Build.0 = Release|Any CPU
	EndGlobalSection
	GlobalSection(SolutionProperties) = preSolution
		HideSolutionNode = FALSE
	EndGlobalSection
	GlobalSection(ExtensibilityGlobals) = postSolution
		SolutionGuid = {35D1E00D-6426-4050-B7A0-4C1445FB5D40}
	EndGlobalSection
EndGlobal
